Microsoft Visual Studio Solution File, Format Version 11.00
# Visual Studio 2008

Project("{53C77888-4B82-AC5E-35DC-EC54A057567D}") = "tap code -1.04- mexendo", "Assembly-UnityScript.unityproj", "{0600EEA6-F094-2716-E64A-57984B3C1C72}"
EndProject
Global
	GlobalSection(SolutionConfigurationPlatforms) = preSolution
		Debug|Any CPU = Debug|Any CPU
		Release|Any CPU = Release|Any CPU
	EndGlobalSection
	GlobalSection(ProjectConfigurationPlatforms) = postSolution
		{0600EEA6-F094-2716-E64A-57984B3C1C72}.Debug|Any CPU.ActiveCfg = Debug|Any CPU
		{0600EEA6-F094-2716-E64A-57984B3C1C72}.Debug|Any CPU.Build.0 = Debug|Any CPU
		{0600EEA6-F094-2716-E64A-57984B3C1C72}.Release|Any CPU.ActiveCfg = Release|Any CPU
		{0600EEA6-F094-2716-E64A-57984B3C1C72}.Release|Any CPU.Build.0 = Release|Any CPU
	EndGlobalSection
	GlobalSection(SolutionProperties) = preSolution
		HideSolutionNode = FALSE
	EndGlobalSection
																																GlobalSection(MonoDevelopProperties) = preSolution
		StartupItem = Assembly-CSharp.csproj
		Policies = $0
		$0.TextStylePolicy = $1
		$1.inheritsSet = null
		$1.scope = text/x-csharp
		$0.CSharpFormattingPolicy = $2
		$2.inheritsSet = Mono
		$2.inheritsScope = text/x-csharp
		$2.scope = text/x-csharp
		$0.TextStylePolicy = $3
		$3.FileWidth = 120
		$3.TabWidth = 4
		$3.EolMarker = Unix
		$3.inheritsSet = Mono
		$3.inheritsScope = text/plain
		$3.scope = text/plain
	EndGlobalSection

EndGlobal
